
Microsoft Visual Studio Solution File, Format Version 12.00
# Visual Studio 15
VisualStudioVersion = 15.0.26124.0
MinimumVisualStudioVersion = 15.0.26124.0
Project("{FAE04EC0-301F-11D3-BF4B-00C04F79EFBC}") = "Kamu.ModelFramework", "ModelFramework\Kamu.ModelFramework.csproj", "{D534B139-69DA-4B94-9BF2-59A63661E235}"
EndProject
Project("{FAE04EC0-301F-11D3-BF4B-00C04F79EFBC}") = "Kamu.ModelFrameworkTests", "ModelFrameWorkTests\Kamu.ModelFrameworkTests.csproj", "{68E16CBA-2BE6-4683-AA66-2C0ABFC6899B}"
EndProject
Global
	GlobalSection(SolutionConfigurationPlatforms) = preSolution
		Debug|Any CPU = Debug|Any CPU
		Debug|x64 = Debug|x64
		Debug|x86 = Debug|x86
		Release|Any CPU = Release|Any CPU
		Release|x64 = Release|x64
		Release|x86 = Release|x86
	EndGlobalSection
	GlobalSection(SolutionProperties) = preSolution
		HideSolutionNode = FALSE
	EndGlobalSection
	GlobalSection(ProjectConfigurationPlatforms) = postSolution
		{D534B139-69DA-4B94-9BF2-59A63661E235}.Debug|Any CPU.ActiveCfg = Debug|Any CPU
		{D534B139-69DA-4B94-9BF2-59A63661E235}.Debug|Any CPU.Build.0 = Debug|Any CPU
		{D534B139-69DA-4B94-9BF2-59A63661E235}.Debug|x64.ActiveCfg = Debug|Any CPU
		{D534B139-69DA-4B94-9BF2-59A63661E235}.Debug|x64.Build.0 = Debug|Any CPU
		{D534B139-69DA-4B94-9BF2-59A63661E235}.Debug|x86.ActiveCfg = Debug|Any CPU
		{D534B139-69DA-4B94-9BF2-59A63661E235}.Debug|x86.Build.0 = Debug|Any CPU
		{D534B139-69DA-4B94-9BF2-59A63661E235}.Release|Any CPU.ActiveCfg = Release|Any CPU
		{D534B139-69DA-4B94-9BF2-59A63661E235}.Release|Any CPU.Build.0 = Release|Any CPU
		{D534B139-69DA-4B94-9BF2-59A63661E235}.Release|x64.ActiveCfg = Release|Any CPU
		{D534B139-69DA-4B94-9BF2-59A63661E235}.Release|x64.Build.0 = Release|Any CPU
		{D534B139-69DA-4B94-9BF2-59A63661E235}.Release|x86.ActiveCfg = Release|Any CPU
		{D534B139-69DA-4B94-9BF2-59A63661E235}.Release|x86.Build.0 = Release|Any CPU
		{68E16CBA-2BE6-4683-AA66-2C0ABFC6899B}.Debug|Any CPU.ActiveCfg = Debug|Any CPU
		{68E16CBA-2BE6-4683-AA66-2C0ABFC6899B}.Debug|Any CPU.Build.0 = Debug|Any CPU
		{68E16CBA-2BE6-4683-AA66-2C0ABFC6899B}.Debug|x64.ActiveCfg = Debug|Any CPU
		{68E16CBA-2BE6-4683-AA66-2C0ABFC6899B}.Debug|x64.Build.0 = Debug|Any CPU
		{68E16CBA-2BE6-4683-AA66-2C0ABFC6899B}.Debug|x86.ActiveCfg = Debug|Any CPU
		{68E16CBA-2BE6-4683-AA66-2C0ABFC6899B}.Debug|x86.Build.0 = Debug|Any CPU
		{68E16CBA-2BE6-4683-AA66-2C0ABFC6899B}.Release|Any CPU.ActiveCfg = Release|Any CPU
		{68E16CBA-2BE6-4683-AA66-2C0ABFC6899B}.Release|Any CPU.Build.0 = Release|Any CPU
		{68E16CBA-2BE6-4683-AA66-2C0ABFC6899B}.Release|x64.ActiveCfg = Release|Any CPU
		{68E16CBA-2BE6-4683-AA66-2C0ABFC6899B}.Release|x64.Build.0 = Release|Any CPU
		{68E16CBA-2BE6-4683-AA66-2C0ABFC6899B}.Release|x86.ActiveCfg = Release|Any CPU
		{68E16CBA-2BE6-4683-AA66-2C0ABFC6899B}.Release|x86.Build.0 = Release|Any CPU
	EndGlobalSection
EndGlobal
